// !$*UTF8*$!
{
	archiveVersion = 1;
	classes = {
	};
	objectVersion = 50;
	objects = {

/* Begin PBXBuildFile section */
		E8A34D2F24CF35470016595A /* AppDelegate.swift in Sources */ = {isa = PBXBuildFile; fileRef = E8A34D2E24CF35470016595A /* AppDelegate.swift */; };
		E8A34D3124CF35470016595A /* SceneDelegate.swift in Sources */ = {isa = PBXBuildFile; fileRef = E8A34D3024CF35470016595A /* SceneDelegate.swift */; };
		E8A34D3624CF35470016595A /* Main.storyboard in Resources */ = {isa = PBXBuildFile; fileRef = E8A34D3424CF35470016595A /* Main.storyboard */; };
		E8A34D3824CF35490016595A /* Assets.xcassets in Resources */ = {isa = PBXBuildFile; fileRef = E8A34D3724CF35490016595A /* Assets.xcassets */; };
		E8A34D3B24CF35490016595A /* LaunchScreen.storyboard in Resources */ = {isa = PBXBuildFile; fileRef = E8A34D3924CF35490016595A /* LaunchScreen.storyboard */; };
		E8A34D4624CF3BD20016595A /* ListTableViewController.swift in Sources */ = {isa = PBXBuildFile; fileRef = E8A34D4524CF3BD20016595A /* ListTableViewController.swift */; };
		E8A34D4824CF3E670016595A /* ParallaxCell.swift in Sources */ = {isa = PBXBuildFile; fileRef = E8A34D4724CF3E670016595A /* ParallaxCell.swift */; };
		E8A34D4A24CF406E0016595A /* Images+Names.swift in Sources */ = {isa = PBXBuildFile; fileRef = E8A34D4924CF406E0016595A /* Images+Names.swift */; };
/* End PBXBuildFile section */

/* Begin PBXFileReference section */
		E8A34D2B24CF35470016595A /* accelerometron.app */ = {isa = PBXFileReference; explicitFileType = wrapper.application; includeInIndex = 0; path = accelerometron.app; sourceTree = BUILT_PRODUCTS_DIR; };
		E8A34D2E24CF35470016595A /* AppDelegate.swift */ = {isa = PBXFileReference; lastKnownFileType = sourcecode.swift; path = AppDelegate.swift; sourceTree = "<group>"; };
		E8A34D3024CF35470016595A /* SceneDelegate.swift */ = {isa = PBXFileReference; lastKnownFileType = sourcecode.swift; path = SceneDelegate.swift; sourceTree = "<group>"; };
		E8A34D3524CF35470016595A /* Base */ = {isa = PBXFileReference; lastKnownFileType = file.storyboard; name = Base; path = Base.lproj/Main.storyboard; sourceTree = "<group>"; };
		E8A34D3724CF35490016595A /* Assets.xcassets */ = {isa = PBXFileReference; lastKnownFileType = folder.assetcatalog; path = Assets.xcassets; sourceTree = "<group>"; };
		E8A34D3A24CF35490016595A /* Base */ = {isa = PBXFileReference; lastKnownFileType = file.storyboard; name = Base; path = Base.lproj/LaunchScreen.storyboard; sourceTree = "<group>"; };
		E8A34D3C24CF35490016595A /* Info.plist */ = {isa = PBXFileReference; lastKnownFileType = text.plist.xml; path = Info.plist; sourceTree = "<group>"; };
		E8A34D4524CF3BD20016595A /* ListTableViewController.swift */ = {isa = PBXFileReference; lastKnownFileType = sourcecode.swift; path = ListTableViewController.swift; sourceTree = "<group>"; };
		E8A34D4724CF3E670016595A /* ParallaxCell.swift */ = {isa = PBXFileReference; lastKnownFileType = sourcecode.swift; path = ParallaxCell.swift; sourceTree = "<group>"; };
		E8A34D4924CF406E0016595A /* Images+Names.swift */ = {isa = PBXFileReference; lastKnownFileType = sourcecode.swift; path = "Images+Names.swift"; sourceTree = "<group>"; };
/* End PBXFileReference section */

/* Begin PBXFrameworksBuildPhase section */
		E8A34D2824CF35470016595A /* Frameworks */ = {
			isa = PBXFrameworksBuildPhase;
			buildActionMask = 2147483647;
			files = (
			);
			runOnlyForDeploymentPostprocessing = 0;
		};
/* End PBXFrameworksBuildPhase section */

/* Begin PBXGroup section */
		E8A34D2224CF35470016595A = {
			isa = PBXGroup;
			children = (
				E8A34D2D24CF35470016595A /* accelerometron */,
				E8A34D2C24CF35470016595A /* Products */,
			);
			sourceTree = "<group>";
		};
		E8A34D2C24CF35470016595A /* Products */ = {
			isa = PBXGroup;
			children = (
				E8A34D2B24CF35470016595A /* accelerometron.app */,
			);
			name = Products;
			sourceTree = "<group>";
		};
		E8A34D2D24CF35470016595A /* accelerometron */ = {
			isa = PBXGroup;
			children = (
				E8A34D4424CF3BB90016595A /* Model */,
				E8A34D4324CF3BB00016595A /* View */,
				E8A34D4224CF3BA90016595A /* Controller */,
				E8A34D2E24CF35470016595A /* AppDelegate.swift */,
				E8A34D3024CF35470016595A /* SceneDelegate.swift */,
				E8A34D3424CF35470016595A /* Main.storyboard */,
				E8A34D3724CF35490016595A /* Assets.xcassets */,
				E8A34D3924CF35490016595A /* LaunchScreen.storyboard */,
				E8A34D3C24CF35490016595A /* Info.plist */,
			);
			path = accelerometron;
			sourceTree = "<group>";
		};
		E8A34D4224CF3BA90016595A /* Controller */ = {
			isa = PBXGroup;
			children = (
				E8A34D4524CF3BD20016595A /* ListTableViewController.swift */,
			);
			path = Controller;
			sourceTree = "<group>";
		};
		E8A34D4324CF3BB00016595A /* View */ = {
			isa = PBXGroup;
			children = (
				E8A34D4724CF3E670016595A /* ParallaxCell.swift */,
			);
			path = View;
			sourceTree = "<group>";
		};
		E8A34D4424CF3BB90016595A /* Model */ = {
			isa = PBXGroup;
			children = (
				E8A34D4924CF406E0016595A /* Images+Names.swift */,
			);
			path = Model;
			sourceTree = "<group>";
		};
/* End PBXGroup section */

/* Begin PBXNativeTarget section */
		E8A34D2A24CF35470016595A /* accelerometron */ = {
			isa = PBXNativeTarget;
			buildConfigurationList = E8A34D3F24CF35490016595A /* Build configuration list for PBXNativeTarget "accelerometron" */;
			buildPhases = (
				E8A34D2724CF35470016595A /* Sources */,
				E8A34D2824CF35470016595A /* Frameworks */,
				E8A34D2924CF35470016595A /* Resources */,
			);
			buildRules = (
			);
			dependencies = (
			);
			name = accelerometron;
			productName = accelerometron;
			productReference = E8A34D2B24CF35470016595A /* accelerometron.app */;
			productType = "com.apple.product-type.application";
		};
/* End PBXNativeTarget section */

/* Begin PBXProject section */
		E8A34D2324CF35470016595A /* Project object */ = {
			isa = PBXProject;
			attributes = {
				LastSwiftUpdateCheck = 1160;
				LastUpgradeCheck = 1160;
				ORGANIZATIONNAME = "Lucas Inocencio";
				TargetAttributes = {
					E8A34D2A24CF35470016595A = {
						CreatedOnToolsVersion = 11.6;
					};
				};
			};
			buildConfigurationList = E8A34D2624CF35470016595A /* Build configuration list for PBXProject "accelerometron" */;
			compatibilityVersion = "Xcode 9.3";
			developmentRegion = en;
			hasScannedForEncodings = 0;
			knownRegions = (
				en,
				Base,
			);
			mainGroup = E8A34D2224CF35470016595A;
			productRefGroup = E8A34D2C24CF35470016595A /* Products */;
			projectDirPath = "";
			projectRoot = "";
			targets = (
				E8A34D2A24CF35470016595A /* accelerometron */,
			);
		};
/* End PBXProject section */

/* Begin PBXResourcesBuildPhase section */
		E8A34D2924CF35470016595A /* Resources */ = {
			isa = PBXResourcesBuildPhase;
			buildActionMask = 2147483647;
			files = (
				E8A34D3B24CF35490016595A /* LaunchScreen.storyboard in Resources */,
				E8A34D3824CF35490016595A /* Assets.xcassets in Resources */,
				E8A34D3624CF35470016595A /* Main.storyboard in Resources */,
			);
			runOnlyForDeploymentPostprocessing = 0;
		};
/* End PBXResourcesBuildPhase section */

/* Begin PBXSourcesBuildPhase section */
		E8A34D2724CF35470016595A /* Sources */ = {
			isa = PBXSourcesBuildPhase;
			buildActionMask = 2147483647;
			files = (
				E8A34D4624CF3BD20016595A /* ListTableViewController.swift in Sources */,
				E8A34D2F24CF35470016595A /* AppDelegate.swift in Sources */,
				E8A34D4824CF3E670016595A /* ParallaxCell.swift in Sources */,
				E8A34D4A24CF406E0016595A /* Images+Names.swift in Sources */,
				E8A34D3124CF35470016595A /* SceneDelegate.swift in Sources */,
			);
			runOnlyForDeploymentPostprocessing = 0;
		};
/* End PBXSourcesBuildPhase section */

/* Begin PBXVariantGroup section */
		E8A34D3424CF35470016595A /* Main.storyboard */ = {
			isa = PBXVariantGroup;
			children = (
				E8A34D3524CF35470016595A /* Base */,
			);
			name = Main.storyboard;
			sourceTree = "<group>";
		};
		E8A34D3924CF35490016595A /* LaunchScreen.storyboard */ = {
			isa = PBXVariantGroup;
			children = (
				E8A34D3A24CF35490016595A /* Base */,
			);
			name = LaunchScreen.storyboard;
			sourceTree = "<group>";
		};
/* End PBXVariantGroup section */

/* Begin XCBuildConfiguration section */
		E8A34D3D24CF35490016595A /* Debug */ = {
			isa = XCBuildConfiguration;
			buildSettings = {
				ALWAYS_SEARCH_USER_PATHS = NO;
				CLANG_ANALYZER_NONNULL = YES;
				CLANG_ANALYZER_NUMBER_OBJECT_CONVERSION = YES_AGGRESSIVE;
				CLANG_CXX_LANGUAGE_STANDARD = "gnu++14";
				CLANG_CXX_LIBRARY = "libc++";
				CLANG_ENABLE_MODULES = YES;
				CLANG_ENABLE_OBJC_ARC = YES;
				CLANG_ENABLE_OBJC_WEAK = YES;
				CLANG_WARN_BLOCK_CAPTURE_AUTORELEASING = YES;
				CLANG_WARN_BOOL_CONVERSION = YES;
				CLANG_WARN_COMMA = YES;
				CLANG_WARN_CONSTANT_CONVERSION = YES;
				CLANG_WARN_DEPRECATED_OBJC_IMPLEMENTATIONS = YES;
				CLANG_WARN_DIRECT_OBJC_ISA_USAGE = YES_ERROR;
				CLANG_WARN_DOCUMENTATION_COMMENTS = YES;
				CLANG_WARN_EMPTY_BODY = YES;
				CLANG_WARN_ENUM_CONVERSION = YES;
				CLANG_WARN_INFINITE_RECURSION = YES;
				CLANG_WARN_INT_CONVERSION = YES;
				CLANG_WARN_NON_LITERAL_NULL_CONVERSION = YES;
				CLANG_WARN_OBJC_IMPLICIT_RETAIN_SELF = YES;
				CLANG_WARN_OBJC_LITERAL_CONVERSION = YES;
				CLANG_WARN_OBJC_ROOT_CLASS = YES_ERROR;
				CLANG_WARN_RANGE_LOOP_ANALYSIS = YES;
				CLANG_WARN_STRICT_PROTOTYPES = YES;
				CLANG_WARN_SUSPICIOUS_MOVE = YES;
				CLANG_WARN_UNGUARDED_AVAILABILITY = YES_AGGRESSIVE;
				CLANG_WARN_UNREACHABLE_CODE = YES;
				CLANG_WARN__DUPLICATE_METHOD_MATCH = YES;
				COPY_PHASE_STRIP = NO;
				DEBUG_INFORMATION_FORMAT = dwarf;
				ENABLE_STRICT_OBJC_MSGSEND = YES;
				ENABLE_TESTABILITY = YES;
				GCC_C_LANGUAGE_STANDARD = gnu11;
				GCC_DYNAMIC_NO_PIC = NO;
				GCC_NO_COMMON_BLOCKS = YES;
				GCC_OPTIMIZATION_LEVEL = 0;
				GCC_PREPROCESSOR_DEFINITIONS = (
					"DEBUG=1",
					"$(inherited)",
				);
				GCC_WARN_64_TO_32_BIT_CONVERSION = YES;
				GCC_WARN_ABOUT_RETURN_TYPE = YES_ERROR;
				GCC_WARN_UNDECLARED_SELECTOR = YES;
				GCC_WARN_UNINITIALIZED_AUTOS = YES_AGGRESSIVE;
				GCC_WARN_UNUSED_FUNCTION = YES;
				GCC_WARN_UNUSED_VARIABLE = YES;
				IPHONEOS_DEPLOYMENT_TARGET = 13.6;
				MTL_ENABLE_DEBUG_INFO = INCLUDE_SOURCE;
				MTL_FAST_MATH = YES;
				ONLY_ACTIVE_ARCH = YES;
				SDKROOT = iphoneos;
				SWIFT_ACTIVE_COMPILATION_CONDITIONS = DEBUG;
				SWIFT_OPTIMIZATION_LEVEL = "-Onone";
			};
			name = Debug;
		};
		E8A34D3E24CF35490016595A /* Release */ = {
			isa = XCBuildConfiguration;
			buildSettings = {
				ALWAYS_SEARCH_USER_PATHS = NO;
				CLANG_ANALYZER_NONNULL = YES;
				CLANG_ANALYZER_NUMBER_OBJECT_CONVERSION = YES_AGGRESSIVE;
				CLANG_CXX_LANGUAGE_STANDARD = "gnu++14";
				CLANG_CXX_LIBRARY = "libc++";
				CLANG_ENABLE_MODULES = YES;
				CLANG_ENABLE_OBJC_ARC = YES;
				CLANG_ENABLE_OBJC_WEAK = YES;
				CLANG_WARN_BLOCK_CAPTURE_AUTORELEASING = YES;
				CLANG_WARN_BOOL_CONVERSION = YES;
				CLANG_WARN_COMMA = YES;
				CLANG_WARN_CONSTANT_CONVERSION = YES;
				CLANG_WARN_DEPRECATED_OBJC_IMPLEMENTATIONS = YES;
				CLANG_WARN_DIRECT_OBJC_ISA_USAGE = YES_ERROR;
				CLANG_WARN_DOCUMENTATION_COMMENTS = YES;
				CLANG_WARN_EMPTY_BODY = YES;
				CLANG_WARN_ENUM_CONVERSION = YES;
				CLANG_WARN_INFINITE_RECURSION = YES;
				CLANG_WARN_INT_CONVERSION = YES;
				CLANG_WARN_NON_LITERAL_NULL_CONVERSION = YES;
				CLANG_WARN_OBJC_IMPLICIT_RETAIN_SELF = YES;
				CLANG_WARN_OBJC_LITERAL_CONVERSION = YES;
				CLANG_WARN_OBJC_ROOT_CLASS = YES_ERROR;
				CLANG_WARN_RANGE_LOOP_ANALYSIS = YES;
				CLANG_WARN_STRICT_PROTOTYPES = YES;
				CLANG_WARN_SUSPICIOUS_MOVE = YES;
				CLANG_WARN_UNGUARDED_AVAILABILITY = YES_AGGRESSIVE;
				CLANG_WARN_UNREACHABLE_CODE = YES;
				CLANG_WARN__DUPLICATE_METHOD_MATCH = YES;
				COPY_PHASE_STRIP = NO;
				DEBUG_INFORMATION_FORMAT = "dwarf-with-dsym";
				ENABLE_NS_ASSERTIONS = NO;
				ENABLE_STRICT_OBJC_MSGSEND = YES;
				GCC_C_LANGUAGE_STANDARD = gnu11;
				GCC_NO_COMMON_BLOCKS = YES;
				GCC_WARN_64_TO_32_BIT_CONVERSION = YES;
				GCC_WARN_ABOUT_RETURN_TYPE = YES_ERROR;
				GCC_WARN_UNDECLARED_SELECTOR = YES;
				GCC_WARN_UNINITIALIZED_AUTOS = YES_AGGRESSIVE;
				GCC_WARN_UNUSED_FUNCTION = YES;
				GCC_WARN_UNUSED_VARIABLE = YES;
				IPHONEOS_DEPLOYMENT_TARGET = 13.6;
				MTL_ENABLE_DEBUG_INFO = NO;
				MTL_FAST_MATH = YES;
				SDKROOT = iphoneos;
				SWIFT_COMPILATION_MODE = wholemodule;
				SWIFT_OPTIMIZATION_LEVEL = "-O";
				VALIDATE_PRODUCT = YES;
			};
			name = Release;
		};
		E8A34D4024CF35490016595A /* Debug */ = {
			isa = XCBuildConfiguration;
			buildSettings = {
				ASSETCATALOG_COMPILER_APPICON_NAME = AppIcon;
				CODE_SIGN_STYLE = Automatic;
				DEVELOPMENT_TEAM = Y65JAZKR5L;
				INFOPLIST_FILE = accelerometron/Info.plist;
				LD_RUNPATH_SEARCH_PATHS = (
					"$(inherited)",
					"@executable_path/Frameworks",
				);
				PRODUCT_BUNDLE_IDENTIFIER = com.devmeist3r.accelerometron;
				PRODUCT_NAME = "$(TARGET_NAME)";
				SWIFT_VERSION = 5.0;
				TARGETED_DEVICE_FAMILY = "1,2";
			};
			name = Debug;
		};
		E8A34D4124CF35490016595A /* Release */ = {
			isa = XCBuildConfiguration;
			buildSettings = {
				ASSETCATALOG_COMPILER_APPICON_NAME = AppIcon;
				CODE_SIGN_STYLE = Automatic;
				DEVELOPMENT_TEAM = Y65JAZKR5L;
				INFOPLIST_FILE = accelerometron/Info.plist;
				LD_RUNPATH_SEARCH_PATHS = (
					"$(inherited)",
					"@executable_path/Frameworks",
				);
				PRODUCT_BUNDLE_IDENTIFIER = com.devmeist3r.accelerometron;
				PRODUCT_NAME = "$(TARGET_NAME)";
				SWIFT_VERSION = 5.0;
				TARGETED_DEVICE_FAMILY = "1,2";
			};
			name = Release;
		};
/* End XCBuildConfiguration section */

/* Begin XCConfigurationList section */
		E8A34D2624CF35470016595A /* Build configuration list for PBXProject "accelerometron" */ = {
			isa = XCConfigurationList;
			buildConfigurations = (
				E8A34D3D24CF35490016595A /* Debug */,
				E8A34D3E24CF35490016595A /* Release */,
			);
			defaultConfigurationIsVisible = 0;
			defaultConfigurationName = Release;
		};
		E8A34D3F24CF35490016595A /* Build configuration list for PBXNativeTarget "accelerometron" */ = {
			isa = XCConfigurationList;
			buildConfigurations = (
				E8A34D4024CF35490016595A /* Debug */,
				E8A34D4124CF35490016595A /* Release */,
			);
			defaultConfigurationIsVisible = 0;
			defaultConfigurationName = Release;
		};
/* End XCConfigurationList section */
	};
	rootObject = E8A34D2324CF35470016595A /* Project object */;
}
